{
  "name": "@infinite-automation/mango-client",
  "version": "0.8.2",
  "lockfileVersion": 1,
  "requires": true,
  "dependencies": {
    "mango-client": {
      "version": "0.4.0",
      "resolved": "https://registry.npmjs.org/mango-client/-/mango-client-0.4.0.tgz",
      "integrity": "sha512-0RzTiyLOzEX03Mkzjf8GpvtnvVyRWwXFHJz/J+eMm/emh1k4Qk1pMx6YpZUk6No86pK74RSkVtXpERkFERMo2g==",
      "requires": {
        "moment": "^2.19.4",
        "moment-timezone": "~0.5.14",
        "uuid": "~3.1.0"
      },
      "dependencies": {
        "moment": {
          "version": "2.24.0",
          "resolved": "https://registry.npmjs.org/moment/-/moment-2.24.0.tgz",
          "integrity": "sha512-bV7f+6l2QigeBBZSM/6yTNq4P2fNpSWj/0e7jQcy87A8e7o2nAfP/34/2ky5Vw4B9S446EtIhodAzkFCcR4dQg=="
        },
        "moment-timezone": {
          "version": "0.5.27",
          "resolved": "https://registry.npmjs.org/moment-timezone/-/moment-timezone-0.5.27.tgz",
          "integrity": "sha512-EIKQs7h5sAsjhPCqN6ggx6cEbs94GK050254TIJySD1bzoM5JTYDwAU1IoVOeTOL6Gm27kYJ51/uuvq1kIlrbw==",
          "requires": {
            "moment": ">= 2.9.0"
          }
        },
        "uuid": {
          "version": "3.1.0",
          "resolved": "https://registry.npmjs.org/uuid/-/uuid-3.1.0.tgz",
          "integrity": "sha512-DIWtzUkw04M4k3bf1IcpS2tngXEL26YUD2M0tMDUpnUrz2hgzUBlD55a4FjdLGPvfHxS6uluGWvaVEqgBcVa+g=="
        }
      }
    }
  }
}
